// !$*UTF8*$!
{
	archiveVersion = 1;
	classes = {
	};
	objectVersion = 50;
	objects = {

/* Begin PBXBuildFile section */
		3C0179C32391F83F0007A4C9 /* CourseName.swift in Sources */ = {isa = PBXBuildFile; fileRef = 3C0179C22391F83F0007A4C9 /* CourseName.swift */; };
		3C0179C52391F8960007A4C9 /* CourseFaculty.swift in Sources */ = {isa = PBXBuildFile; fileRef = 3C0179C42391F8960007A4C9 /* CourseFaculty.swift */; };
		3C0179C72391F8C00007A4C9 /* CourseDescription.swift in Sources */ = {isa = PBXBuildFile; fileRef = 3C0179C62391F8C00007A4C9 /* CourseDescription.swift */; };
		3C0179C92391F8D80007A4C9 /* CourseSkills.swift in Sources */ = {isa = PBXBuildFile; fileRef = 3C0179C82391F8D80007A4C9 /* CourseSkills.swift */; };
		3C0179CB2391F8F50007A4C9 /* CourseRequirements.swift in Sources */ = {isa = PBXBuildFile; fileRef = 3C0179CA2391F8F50007A4C9 /* CourseRequirements.swift */; };
		3C0179CD2391F9020007A4C9 /* CourseProgram.swift in Sources */ = {isa = PBXBuildFile; fileRef = 3C0179CC2391F9020007A4C9 /* CourseProgram.swift */; };
		3C0179CF239204560007A4C9 /* CourseTime.swift in Sources */ = {isa = PBXBuildFile; fileRef = 3C0179CE239204560007A4C9 /* CourseTime.swift */; };
		3C0179D523920B570007A4C9 /* CathedralName.swift in Sources */ = {isa = PBXBuildFile; fileRef = 3C0179D423920B570007A4C9 /* CathedralName.swift */; };
		3C0179D723920B6A0007A4C9 /* FacultyName.swift in Sources */ = {isa = PBXBuildFile; fileRef = 3C0179D623920B6A0007A4C9 /* FacultyName.swift */; };
		3C0179D923920C800007A4C9 /* FacultyCathedral.swift in Sources */ = {isa = PBXBuildFile; fileRef = 3C0179D823920C800007A4C9 /* FacultyCathedral.swift */; };
		3C0179DB23920C960007A4C9 /* NewCourse.swift in Sources */ = {isa = PBXBuildFile; fileRef = 3C0179DA23920C960007A4C9 /* NewCourse.swift */; };
		3C0179DD23920CA10007A4C9 /* NewFaculty.swift in Sources */ = {isa = PBXBuildFile; fileRef = 3C0179DC23920CA10007A4C9 /* NewFaculty.swift */; };
		3C0179DF23920CAB0007A4C9 /* NewCathedral.swift in Sources */ = {isa = PBXBuildFile; fileRef = 3C0179DE23920CAB0007A4C9 /* NewCathedral.swift */; };
		3C0179E1239212050007A4C9 /* FacultyController+Extensions.swift in Sources */ = {isa = PBXBuildFile; fileRef = 3C0179E0239212050007A4C9 /* FacultyController+Extensions.swift */; };
		3C779C04239048A500C6DB11 /* Student.storyboard in Resources */ = {isa = PBXBuildFile; fileRef = 3C779C03239048A400C6DB11 /* Student.storyboard */; };
		3CBA8DFA239121200004F6BF /* Auth.storyboard in Resources */ = {isa = PBXBuildFile; fileRef = 3CBA8DF9239121200004F6BF /* Auth.storyboard */; };
		3CC9EE50238FE79E00AEE613 /* CourseCell.swift in Sources */ = {isa = PBXBuildFile; fileRef = 3CC9EE4E238FE79E00AEE613 /* CourseCell.swift */; };
		3CC9EE51238FE79E00AEE613 /* CourseCell.xib in Resources */ = {isa = PBXBuildFile; fileRef = 3CC9EE4F238FE79E00AEE613 /* CourseCell.xib */; };
		3CCABB32238E87750030B99A /* Courses.storyboard in Resources */ = {isa = PBXBuildFile; fileRef = 3CCABB31238E87750030B99A /* Courses.storyboard */; };
		3CCABB34238E8DC70030B99A /* Cathedral.swift in Sources */ = {isa = PBXBuildFile; fileRef = 3CCABB33238E8DC70030B99A /* Cathedral.swift */; };
		3CCABB38238E990D0030B99A /* FacultyCell.swift in Sources */ = {isa = PBXBuildFile; fileRef = 3CCABB36238E990D0030B99A /* FacultyCell.swift */; };
		3CCABB39238E990D0030B99A /* FacultyCell.xib in Resources */ = {isa = PBXBuildFile; fileRef = 3CCABB37238E990D0030B99A /* FacultyCell.xib */; };
		3CF5BA9A238ABA8800EDB746 /* AppDelegate.swift in Sources */ = {isa = PBXBuildFile; fileRef = 3CF5BA99238ABA8800EDB746 /* AppDelegate.swift */; };
		3CF5BA9C238ABA8800EDB746 /* SceneDelegate.swift in Sources */ = {isa = PBXBuildFile; fileRef = 3CF5BA9B238ABA8800EDB746 /* SceneDelegate.swift */; };
		3CF5BAA3238ABA9100EDB746 /* Assets.xcassets in Resources */ = {isa = PBXBuildFile; fileRef = 3CF5BAA2238ABA9100EDB746 /* Assets.xcassets */; };
		3CF5BAA6238ABA9100EDB746 /* LaunchScreen.storyboard in Resources */ = {isa = PBXBuildFile; fileRef = 3CF5BAA4238ABA9100EDB746 /* LaunchScreen.storyboard */; };
		3CF5BAB2238ABBB000EDB746 /* SignInController.swift in Sources */ = {isa = PBXBuildFile; fileRef = 3CF5BAB1238ABBB000EDB746 /* SignInController.swift */; };
		3CF5BAB6238AD28B00EDB746 /* Course.swift in Sources */ = {isa = PBXBuildFile; fileRef = 3CF5BAB5238AD28B00EDB746 /* Course.swift */; };
		3CF5BAB8238AD34500EDB746 /* Student.swift in Sources */ = {isa = PBXBuildFile; fileRef = 3CF5BAB7238AD34500EDB746 /* Student.swift */; };
		3CF5BAC4238AD8B900EDB746 /* StudentCoursesController.swift in Sources */ = {isa = PBXBuildFile; fileRef = 3CF5BAC3238AD8B900EDB746 /* StudentCoursesController.swift */; };
		3CF5BAC6238AD8D600EDB746 /* StudentController.swift in Sources */ = {isa = PBXBuildFile; fileRef = 3CF5BAC5238AD8D600EDB746 /* StudentController.swift */; };
		3CF5BACB238ADA0400EDB746 /* CoursesController.swift in Sources */ = {isa = PBXBuildFile; fileRef = 3CF5BACA238ADA0400EDB746 /* CoursesController.swift */; };
		3CF5BACD238AFEA700EDB746 /* CourseController.swift in Sources */ = {isa = PBXBuildFile; fileRef = 3CF5BACC238AFEA700EDB746 /* CourseController.swift */; };
		3CF5BACF238BCCCA00EDB746 /* Faculty.swift in Sources */ = {isa = PBXBuildFile; fileRef = 3CF5BACE238BCCCA00EDB746 /* Faculty.swift */; };
		3CF5BAD3238BCE0A00EDB746 /* FacultyController.swift in Sources */ = {isa = PBXBuildFile; fileRef = 3CF5BAD2238BCE0A00EDB746 /* FacultyController.swift */; };
		3CF5BAD5238BCE5400EDB746 /* FilterController.swift in Sources */ = {isa = PBXBuildFile; fileRef = 3CF5BAD4238BCE5400EDB746 /* FilterController.swift */; };
		3CF5BAD7238BCE9D00EDB746 /* CourseDetailesController.swift in Sources */ = {isa = PBXBuildFile; fileRef = 3CF5BAD6238BCE9D00EDB746 /* CourseDetailesController.swift */; };
		3CF5BAD9238BCEB100EDB746 /* CourseOrderController.swift in Sources */ = {isa = PBXBuildFile; fileRef = 3CF5BAD8238BCEB100EDB746 /* CourseOrderController.swift */; };
/* End PBXBuildFile section */

/* Begin PBXFileReference section */
		3C0179C22391F83F0007A4C9 /* CourseName.swift */ = {isa = PBXFileReference; lastKnownFileType = sourcecode.swift; path = CourseName.swift; sourceTree = "<group>"; };
		3C0179C42391F8960007A4C9 /* CourseFaculty.swift */ = {isa = PBXFileReference; lastKnownFileType = sourcecode.swift; path = CourseFaculty.swift; sourceTree = "<group>"; };
		3C0179C62391F8C00007A4C9 /* CourseDescription.swift */ = {isa = PBXFileReference; lastKnownFileType = sourcecode.swift; path = CourseDescription.swift; sourceTree = "<group>"; };
		3C0179C82391F8D80007A4C9 /* CourseSkills.swift */ = {isa = PBXFileReference; lastKnownFileType = sourcecode.swift; path = CourseSkills.swift; sourceTree = "<group>"; };
		3C0179CA2391F8F50007A4C9 /* CourseRequirements.swift */ = {isa = PBXFileReference; lastKnownFileType = sourcecode.swift; path = CourseRequirements.swift; sourceTree = "<group>"; };
		3C0179CC2391F9020007A4C9 /* CourseProgram.swift */ = {isa = PBXFileReference; lastKnownFileType = sourcecode.swift; path = CourseProgram.swift; sourceTree = "<group>"; };
		3C0179CE239204560007A4C9 /* CourseTime.swift */ = {isa = PBXFileReference; lastKnownFileType = sourcecode.swift; path = CourseTime.swift; sourceTree = "<group>"; };
		3C0179D423920B570007A4C9 /* CathedralName.swift */ = {isa = PBXFileReference; lastKnownFileType = sourcecode.swift; path = CathedralName.swift; sourceTree = "<group>"; };
		3C0179D623920B6A0007A4C9 /* FacultyName.swift */ = {isa = PBXFileReference; lastKnownFileType = sourcecode.swift; path = FacultyName.swift; sourceTree = "<group>"; };
		3C0179D823920C800007A4C9 /* FacultyCathedral.swift */ = {isa = PBXFileReference; lastKnownFileType = sourcecode.swift; path = FacultyCathedral.swift; sourceTree = "<group>"; };
		3C0179DA23920C960007A4C9 /* NewCourse.swift */ = {isa = PBXFileReference; lastKnownFileType = sourcecode.swift; path = NewCourse.swift; sourceTree = "<group>"; };
		3C0179DC23920CA10007A4C9 /* NewFaculty.swift */ = {isa = PBXFileReference; lastKnownFileType = sourcecode.swift; path = NewFaculty.swift; sourceTree = "<group>"; };
		3C0179DE23920CAB0007A4C9 /* NewCathedral.swift */ = {isa = PBXFileReference; lastKnownFileType = sourcecode.swift; path = NewCathedral.swift; sourceTree = "<group>"; };
		3C0179E0239212050007A4C9 /* FacultyController+Extensions.swift */ = {isa = PBXFileReference; lastKnownFileType = sourcecode.swift; name = "FacultyController+Extensions.swift"; path = "MikeTsyba-ITEA-Diplom/FacultyController+Extensions.swift"; sourceTree = SOURCE_ROOT; };
		3C779C03239048A400C6DB11 /* Student.storyboard */ = {isa = PBXFileReference; lastKnownFileType = file.storyboard; name = Student.storyboard; path = "MikeTsyba-ITEA-Diplom/Student.storyboard"; sourceTree = SOURCE_ROOT; };
		3CBA8DF9239121200004F6BF /* Auth.storyboard */ = {isa = PBXFileReference; lastKnownFileType = file.storyboard; name = Auth.storyboard; path = "MikeTsyba-ITEA-Diplom/Modules/Auth.storyboard"; sourceTree = SOURCE_ROOT; };
		3CC9EE4E238FE79E00AEE613 /* CourseCell.swift */ = {isa = PBXFileReference; lastKnownFileType = sourcecode.swift; name = CourseCell.swift; path = "MikeTsyba-ITEA-Diplom/Modules/Courses/CourseCell.swift"; sourceTree = SOURCE_ROOT; };
		3CC9EE4F238FE79E00AEE613 /* CourseCell.xib */ = {isa = PBXFileReference; lastKnownFileType = file.xib; name = CourseCell.xib; path = "MikeTsyba-ITEA-Diplom/Modules/Courses/CourseCell.xib"; sourceTree = SOURCE_ROOT; };
		3CCABB31238E87750030B99A /* Courses.storyboard */ = {isa = PBXFileReference; lastKnownFileType = file.storyboard; path = Courses.storyboard; sourceTree = "<group>"; };
		3CCABB33238E8DC70030B99A /* Cathedral.swift */ = {isa = PBXFileReference; lastKnownFileType = sourcecode.swift; path = Cathedral.swift; sourceTree = "<group>"; };
		3CCABB36238E990D0030B99A /* FacultyCell.swift */ = {isa = PBXFileReference; lastKnownFileType = sourcecode.swift; path = FacultyCell.swift; sourceTree = "<group>"; };
		3CCABB37238E990D0030B99A /* FacultyCell.xib */ = {isa = PBXFileReference; lastKnownFileType = file.xib; path = FacultyCell.xib; sourceTree = "<group>"; };
		3CF5BA96238ABA8800EDB746 /* ITEA.app */ = {isa = PBXFileReference; explicitFileType = wrapper.application; includeInIndex = 0; path = ITEA.app; sourceTree = BUILT_PRODUCTS_DIR; };
		3CF5BA99238ABA8800EDB746 /* AppDelegate.swift */ = {isa = PBXFileReference; lastKnownFileType = sourcecode.swift; path = AppDelegate.swift; sourceTree = "<group>"; };
		3CF5BA9B238ABA8800EDB746 /* SceneDelegate.swift */ = {isa = PBXFileReference; lastKnownFileType = sourcecode.swift; path = SceneDelegate.swift; sourceTree = "<group>"; };
		3CF5BAA2238ABA9100EDB746 /* Assets.xcassets */ = {isa = PBXFileReference; lastKnownFileType = folder.assetcatalog; path = Assets.xcassets; sourceTree = "<group>"; };
		3CF5BAA5238ABA9100EDB746 /* Base */ = {isa = PBXFileReference; lastKnownFileType = file.storyboard; name = Base; path = Base.lproj/LaunchScreen.storyboard; sourceTree = "<group>"; };
		3CF5BAA7238ABA9100EDB746 /* Info.plist */ = {isa = PBXFileReference; lastKnownFileType = text.plist.xml; path = Info.plist; sourceTree = "<group>"; };
		3CF5BAB1238ABBB000EDB746 /* SignInController.swift */ = {isa = PBXFileReference; lastKnownFileType = sourcecode.swift; path = SignInController.swift; sourceTree = "<group>"; };
		3CF5BAB5238AD28B00EDB746 /* Course.swift */ = {isa = PBXFileReference; lastKnownFileType = sourcecode.swift; name = Course.swift; path = "MikeTsyba-ITEA-Diplom/Modules/Courses/Model/Course.swift"; sourceTree = SOURCE_ROOT; };
		3CF5BAB7238AD34500EDB746 /* Student.swift */ = {isa = PBXFileReference; lastKnownFileType = sourcecode.swift; name = Student.swift; path = "MikeTsyba-ITEA-Diplom/Modules/Student/Student.swift"; sourceTree = SOURCE_ROOT; };
		3CF5BAC3238AD8B900EDB746 /* StudentCoursesController.swift */ = {isa = PBXFileReference; lastKnownFileType = sourcecode.swift; path = StudentCoursesController.swift; sourceTree = "<group>"; };
		3CF5BAC5238AD8D600EDB746 /* StudentController.swift */ = {isa = PBXFileReference; lastKnownFileType = sourcecode.swift; path = StudentController.swift; sourceTree = "<group>"; };
		3CF5BACA238ADA0400EDB746 /* CoursesController.swift */ = {isa = PBXFileReference; lastKnownFileType = sourcecode.swift; path = CoursesController.swift; sourceTree = "<group>"; };
		3CF5BACC238AFEA700EDB746 /* CourseController.swift */ = {isa = PBXFileReference; lastKnownFileType = sourcecode.swift; path = CourseController.swift; sourceTree = "<group>"; };
		3CF5BACE238BCCCA00EDB746 /* Faculty.swift */ = {isa = PBXFileReference; lastKnownFileType = sourcecode.swift; path = Faculty.swift; sourceTree = "<group>"; };
		3CF5BAD2238BCE0A00EDB746 /* FacultyController.swift */ = {isa = PBXFileReference; lastKnownFileType = sourcecode.swift; path = FacultyController.swift; sourceTree = "<group>"; };
		3CF5BAD4238BCE5400EDB746 /* FilterController.swift */ = {isa = PBXFileReference; lastKnownFileType = sourcecode.swift; path = FilterController.swift; sourceTree = "<group>"; };
		3CF5BAD6238BCE9D00EDB746 /* CourseDetailesController.swift */ = {isa = PBXFileReference; lastKnownFileType = sourcecode.swift; path = CourseDetailesController.swift; sourceTree = "<group>"; };
		3CF5BAD8238BCEB100EDB746 /* CourseOrderController.swift */ = {isa = PBXFileReference; lastKnownFileType = sourcecode.swift; path = CourseOrderController.swift; sourceTree = "<group>"; };
/* End PBXFileReference section */

/* Begin PBXFrameworksBuildPhase section */
		3CF5BA93238ABA8800EDB746 /* Frameworks */ = {
			isa = PBXFrameworksBuildPhase;
			buildActionMask = 2147483647;
			files = (
			);
			runOnlyForDeploymentPostprocessing = 0;
		};
/* End PBXFrameworksBuildPhase section */

/* Begin PBXGroup section */
		3C0179C12391F8050007A4C9 /* Model */ = {
			isa = PBXGroup;
			children = (
				3CF5BAB5238AD28B00EDB746 /* Course.swift */,
				3C0179C22391F83F0007A4C9 /* CourseName.swift */,
				3C0179C42391F8960007A4C9 /* CourseFaculty.swift */,
				3C0179C62391F8C00007A4C9 /* CourseDescription.swift */,
				3C0179C82391F8D80007A4C9 /* CourseSkills.swift */,
				3C0179CC2391F9020007A4C9 /* CourseProgram.swift */,
				3C0179CA2391F8F50007A4C9 /* CourseRequirements.swift */,
				3C0179CE239204560007A4C9 /* CourseTime.swift */,
				3CCABB33238E8DC70030B99A /* Cathedral.swift */,
				3C0179D423920B570007A4C9 /* CathedralName.swift */,
				3CF5BACE238BCCCA00EDB746 /* Faculty.swift */,
				3C0179D623920B6A0007A4C9 /* FacultyName.swift */,
				3C0179D823920C800007A4C9 /* FacultyCathedral.swift */,
				3C0179DA23920C960007A4C9 /* NewCourse.swift */,
				3C0179DC23920CA10007A4C9 /* NewFaculty.swift */,
				3C0179DE23920CAB0007A4C9 /* NewCathedral.swift */,
			);
			path = Model;
			sourceTree = "<group>";
		};
		3CC9EE4D238FE75900AEE613 /* CourseCell */ = {
			isa = PBXGroup;
			children = (
				3CC9EE4E238FE79E00AEE613 /* CourseCell.swift */,
				3CC9EE4F238FE79E00AEE613 /* CourseCell.xib */,
			);
			path = CourseCell;
			sourceTree = "<group>";
		};
		3CCABB35238E98DA0030B99A /* FacultyCell */ = {
			isa = PBXGroup;
			children = (
				3CCABB36238E990D0030B99A /* FacultyCell.swift */,
				3CCABB37238E990D0030B99A /* FacultyCell.xib */,
			);
			path = FacultyCell;
			sourceTree = "<group>";
		};
		3CF5BA8D238ABA8800EDB746 = {
			isa = PBXGroup;
			children = (
				3CF5BA98238ABA8800EDB746 /* MikeTsyba-ITEA-Diplom */,
				3CF5BA97238ABA8800EDB746 /* Products */,
			);
			sourceTree = "<group>";
		};
		3CF5BA97238ABA8800EDB746 /* Products */ = {
			isa = PBXGroup;
			children = (
				3CF5BA96238ABA8800EDB746 /* ITEA.app */,
			);
			name = Products;
			sourceTree = "<group>";
		};
		3CF5BA98238ABA8800EDB746 /* MikeTsyba-ITEA-Diplom */ = {
			isa = PBXGroup;
			children = (
				3CF5BAAD238ABB5900EDB746 /* Modules */,
				3CF5BA99238ABA8800EDB746 /* AppDelegate.swift */,
				3CF5BA9B238ABA8800EDB746 /* SceneDelegate.swift */,
				3CF5BAA2238ABA9100EDB746 /* Assets.xcassets */,
				3CF5BAA4238ABA9100EDB746 /* LaunchScreen.storyboard */,
				3CF5BAA7238ABA9100EDB746 /* Info.plist */,
			);
			path = "MikeTsyba-ITEA-Diplom";
			sourceTree = "<group>";
		};
		3CF5BAAD238ABB5900EDB746 /* Modules */ = {
			isa = PBXGroup;
			children = (
				3CF5BAAE238ABB6800EDB746 /* Auth */,
				3CF5BAC9238AD97700EDB746 /* Student */,
				3CF5BAB0238ABB8200EDB746 /* Courses */,
			);
			path = Modules;
			sourceTree = "<group>";
		};
		3CF5BAAE238ABB6800EDB746 /* Auth */ = {
			isa = PBXGroup;
			children = (
				3CBA8DF9239121200004F6BF /* Auth.storyboard */,
				3CF5BAB1238ABBB000EDB746 /* SignInController.swift */,
			);
			path = Auth;
			sourceTree = "<group>";
		};
		3CF5BAB0238ABB8200EDB746 /* Courses */ = {
			isa = PBXGroup;
			children = (
				3C0179C12391F8050007A4C9 /* Model */,
				3CC9EE4D238FE75900AEE613 /* CourseCell */,
				3CCABB35238E98DA0030B99A /* FacultyCell */,
				3CCABB31238E87750030B99A /* Courses.storyboard */,
				3CF5BAD2238BCE0A00EDB746 /* FacultyController.swift */,
				3CF5BAD4238BCE5400EDB746 /* FilterController.swift */,
				3CF5BACA238ADA0400EDB746 /* CoursesController.swift */,
				3CF5BACC238AFEA700EDB746 /* CourseController.swift */,
				3CF5BAD6238BCE9D00EDB746 /* CourseDetailesController.swift */,
				3CF5BAD8238BCEB100EDB746 /* CourseOrderController.swift */,
				3C0179E0239212050007A4C9 /* FacultyController+Extensions.swift */,
			);
			path = Courses;
			sourceTree = "<group>";
		};
		3CF5BAC9238AD97700EDB746 /* Student */ = {
			isa = PBXGroup;
			children = (
				3CF5BAB7238AD34500EDB746 /* Student.swift */,
				3C779C03239048A400C6DB11 /* Student.storyboard */,
				3CF5BAC5238AD8D600EDB746 /* StudentController.swift */,
				3CF5BAC3238AD8B900EDB746 /* StudentCoursesController.swift */,
			);
			path = Student;
			sourceTree = "<group>";
		};
/* End PBXGroup section */

/* Begin PBXNativeTarget section */
		3CF5BA95238ABA8800EDB746 /* MikeTsyba-ITEA-Diplom */ = {
			isa = PBXNativeTarget;
			buildConfigurationList = 3CF5BAAA238ABA9100EDB746 /* Build configuration list for PBXNativeTarget "MikeTsyba-ITEA-Diplom" */;
			buildPhases = (
				3CF5BA92238ABA8800EDB746 /* Sources */,
				3CF5BA93238ABA8800EDB746 /* Frameworks */,
				3CF5BA94238ABA8800EDB746 /* Resources */,
			);
			buildRules = (
			);
			dependencies = (
			);
			name = "MikeTsyba-ITEA-Diplom";
			productName = "MikeTsyba-ITEA-Diplom";
			productReference = 3CF5BA96238ABA8800EDB746 /* ITEA.app */;
			productType = "com.apple.product-type.application";
		};
/* End PBXNativeTarget section */

/* Begin PBXProject section */
		3CF5BA8E238ABA8800EDB746 /* Project object */ = {
			isa = PBXProject;
			attributes = {
				LastSwiftUpdateCheck = 1120;
				LastUpgradeCheck = 1120;
				ORGANIZATIONNAME = miketsyba;
				TargetAttributes = {
					3CF5BA95238ABA8800EDB746 = {
						CreatedOnToolsVersion = 11.2.1;
					};
				};
			};
			buildConfigurationList = 3CF5BA91238ABA8800EDB746 /* Build configuration list for PBXProject "MikeTsyba-ITEA-Diplom" */;
			compatibilityVersion = "Xcode 9.3";
			developmentRegion = en;
			hasScannedForEncodings = 0;
			knownRegions = (
				en,
				Base,
			);
			mainGroup = 3CF5BA8D238ABA8800EDB746;
			productRefGroup = 3CF5BA97238ABA8800EDB746 /* Products */;
			projectDirPath = "";
			projectRoot = "";
			targets = (
				3CF5BA95238ABA8800EDB746 /* MikeTsyba-ITEA-Diplom */,
			);
		};
/* End PBXProject section */

/* Begin PBXResourcesBuildPhase section */
		3CF5BA94238ABA8800EDB746 /* Resources */ = {
			isa = PBXResourcesBuildPhase;
			buildActionMask = 2147483647;
			files = (
				3CBA8DFA239121200004F6BF /* Auth.storyboard in Resources */,
				3CCABB39238E990D0030B99A /* FacultyCell.xib in Resources */,
				3CF5BAA6238ABA9100EDB746 /* LaunchScreen.storyboard in Resources */,
				3C779C04239048A500C6DB11 /* Student.storyboard in Resources */,
				3CC9EE51238FE79E00AEE613 /* CourseCell.xib in Resources */,
				3CCABB32238E87750030B99A /* Courses.storyboard in Resources */,
				3CF5BAA3238ABA9100EDB746 /* Assets.xcassets in Resources */,
			);
			runOnlyForDeploymentPostprocessing = 0;
		};
/* End PBXResourcesBuildPhase section */

/* Begin PBXSourcesBuildPhase section */
		3CF5BA92238ABA8800EDB746 /* Sources */ = {
			isa = PBXSourcesBuildPhase;
			buildActionMask = 2147483647;
			files = (
				3CCABB38238E990D0030B99A /* FacultyCell.swift in Sources */,
				3CF5BAD5238BCE5400EDB746 /* FilterController.swift in Sources */,
				3CF5BAB6238AD28B00EDB746 /* Course.swift in Sources */,
				3C0179C72391F8C00007A4C9 /* CourseDescription.swift in Sources */,
				3C0179DD23920CA10007A4C9 /* NewFaculty.swift in Sources */,
				3CF5BAC6238AD8D600EDB746 /* StudentController.swift in Sources */,
				3CF5BACD238AFEA700EDB746 /* CourseController.swift in Sources */,
				3C0179CB2391F8F50007A4C9 /* CourseRequirements.swift in Sources */,
				3CF5BAC4238AD8B900EDB746 /* StudentCoursesController.swift in Sources */,
				3CF5BAB2238ABBB000EDB746 /* SignInController.swift in Sources */,
				3C0179CD2391F9020007A4C9 /* CourseProgram.swift in Sources */,
				3C0179D523920B570007A4C9 /* CathedralName.swift in Sources */,
				3CF5BAD7238BCE9D00EDB746 /* CourseDetailesController.swift in Sources */,
				3C0179DF23920CAB0007A4C9 /* NewCathedral.swift in Sources */,
				3C0179CF239204560007A4C9 /* CourseTime.swift in Sources */,
				3CF5BACB238ADA0400EDB746 /* CoursesController.swift in Sources */,
				3C0179C32391F83F0007A4C9 /* CourseName.swift in Sources */,
				3C0179E1239212050007A4C9 /* FacultyController+Extensions.swift in Sources */,
				3C0179C52391F8960007A4C9 /* CourseFaculty.swift in Sources */,
				3C0179D923920C800007A4C9 /* FacultyCathedral.swift in Sources */,
				3CF5BAD3238BCE0A00EDB746 /* FacultyController.swift in Sources */,
				3CF5BA9A238ABA8800EDB746 /* AppDelegate.swift in Sources */,
				3CF5BAB8238AD34500EDB746 /* Student.swift in Sources */,
				3C0179D723920B6A0007A4C9 /* FacultyName.swift in Sources */,
				3CC9EE50238FE79E00AEE613 /* CourseCell.swift in Sources */,
				3CF5BA9C238ABA8800EDB746 /* SceneDelegate.swift in Sources */,
				3CCABB34238E8DC70030B99A /* Cathedral.swift in Sources */,
				3C0179C92391F8D80007A4C9 /* CourseSkills.swift in Sources */,
				3C0179DB23920C960007A4C9 /* NewCourse.swift in Sources */,
				3CF5BACF238BCCCA00EDB746 /* Faculty.swift in Sources */,
				3CF5BAD9238BCEB100EDB746 /* CourseOrderController.swift in Sources */,
			);
			runOnlyForDeploymentPostprocessing = 0;
		};
/* End PBXSourcesBuildPhase section */

/* Begin PBXVariantGroup section */
		3CF5BAA4238ABA9100EDB746 /* LaunchScreen.storyboard */ = {
			isa = PBXVariantGroup;
			children = (
				3CF5BAA5238ABA9100EDB746 /* Base */,
			);
			name = LaunchScreen.storyboard;
			sourceTree = "<group>";
		};
/* End PBXVariantGroup section */

/* Begin XCBuildConfiguration section */
		3CF5BAA8238ABA9100EDB746 /* Debug */ = {
			isa = XCBuildConfiguration;
			buildSettings = {
				ALWAYS_SEARCH_USER_PATHS = NO;
				CLANG_ANALYZER_NONNULL = YES;
				CLANG_ANALYZER_NUMBER_OBJECT_CONVERSION = YES_AGGRESSIVE;
				CLANG_CXX_LANGUAGE_STANDARD = "gnu++14";
				CLANG_CXX_LIBRARY = "libc++";
				CLANG_ENABLE_MODULES = YES;
				CLANG_ENABLE_OBJC_ARC = YES;
				CLANG_ENABLE_OBJC_WEAK = YES;
				CLANG_WARN_BLOCK_CAPTURE_AUTORELEASING = YES;
				CLANG_WARN_BOOL_CONVERSION = YES;
				CLANG_WARN_COMMA = YES;
				CLANG_WARN_CONSTANT_CONVERSION = YES;
				CLANG_WARN_DEPRECATED_OBJC_IMPLEMENTATIONS = YES;
				CLANG_WARN_DIRECT_OBJC_ISA_USAGE = YES_ERROR;
				CLANG_WARN_DOCUMENTATION_COMMENTS = YES;
				CLANG_WARN_EMPTY_BODY = YES;
				CLANG_WARN_ENUM_CONVERSION = YES;
				CLANG_WARN_INFINITE_RECURSION = YES;
				CLANG_WARN_INT_CONVERSION = YES;
				CLANG_WARN_NON_LITERAL_NULL_CONVERSION = YES;
				CLANG_WARN_OBJC_IMPLICIT_RETAIN_SELF = YES;
				CLANG_WARN_OBJC_LITERAL_CONVERSION = YES;
				CLANG_WARN_OBJC_ROOT_CLASS = YES_ERROR;
				CLANG_WARN_RANGE_LOOP_ANALYSIS = YES;
				CLANG_WARN_STRICT_PROTOTYPES = YES;
				CLANG_WARN_SUSPICIOUS_MOVE = YES;
				CLANG_WARN_UNGUARDED_AVAILABILITY = YES_AGGRESSIVE;
				CLANG_WARN_UNREACHABLE_CODE = YES;
				CLANG_WARN__DUPLICATE_METHOD_MATCH = YES;
				COPY_PHASE_STRIP = NO;
				DEBUG_INFORMATION_FORMAT = dwarf;
				ENABLE_STRICT_OBJC_MSGSEND = YES;
				ENABLE_TESTABILITY = YES;
				GCC_C_LANGUAGE_STANDARD = gnu11;
				GCC_DYNAMIC_NO_PIC = NO;
				GCC_NO_COMMON_BLOCKS = YES;
				GCC_OPTIMIZATION_LEVEL = 0;
				GCC_PREPROCESSOR_DEFINITIONS = (
					"DEBUG=1",
					"$(inherited)",
				);
				GCC_WARN_64_TO_32_BIT_CONVERSION = YES;
				GCC_WARN_ABOUT_RETURN_TYPE = YES_ERROR;
				GCC_WARN_UNDECLARED_SELECTOR = YES;
				GCC_WARN_UNINITIALIZED_AUTOS = YES_AGGRESSIVE;
				GCC_WARN_UNUSED_FUNCTION = YES;
				GCC_WARN_UNUSED_VARIABLE = YES;
				IPHONEOS_DEPLOYMENT_TARGET = 13.2;
				MTL_ENABLE_DEBUG_INFO = INCLUDE_SOURCE;
				MTL_FAST_MATH = YES;
				ONLY_ACTIVE_ARCH = YES;
				SDKROOT = iphoneos;
				SWIFT_ACTIVE_COMPILATION_CONDITIONS = DEBUG;
				SWIFT_OPTIMIZATION_LEVEL = "-Onone";
			};
			name = Debug;
		};
		3CF5BAA9238ABA9100EDB746 /* Release */ = {
			isa = XCBuildConfiguration;
			buildSettings = {
				ALWAYS_SEARCH_USER_PATHS = NO;
				CLANG_ANALYZER_NONNULL = YES;
				CLANG_ANALYZER_NUMBER_OBJECT_CONVERSION = YES_AGGRESSIVE;
				CLANG_CXX_LANGUAGE_STANDARD = "gnu++14";
				CLANG_CXX_LIBRARY = "libc++";
				CLANG_ENABLE_MODULES = YES;
				CLANG_ENABLE_OBJC_ARC = YES;
				CLANG_ENABLE_OBJC_WEAK = YES;
				CLANG_WARN_BLOCK_CAPTURE_AUTORELEASING = YES;
				CLANG_WARN_BOOL_CONVERSION = YES;
				CLANG_WARN_COMMA = YES;
				CLANG_WARN_CONSTANT_CONVERSION = YES;
				CLANG_WARN_DEPRECATED_OBJC_IMPLEMENTATIONS = YES;
				CLANG_WARN_DIRECT_OBJC_ISA_USAGE = YES_ERROR;
				CLANG_WARN_DOCUMENTATION_COMMENTS = YES;
				CLANG_WARN_EMPTY_BODY = YES;
				CLANG_WARN_ENUM_CONVERSION = YES;
				CLANG_WARN_INFINITE_RECURSION = YES;
				CLANG_WARN_INT_CONVERSION = YES;
				CLANG_WARN_NON_LITERAL_NULL_CONVERSION = YES;
				CLANG_WARN_OBJC_IMPLICIT_RETAIN_SELF = YES;
				CLANG_WARN_OBJC_LITERAL_CONVERSION = YES;
				CLANG_WARN_OBJC_ROOT_CLASS = YES_ERROR;
				CLANG_WARN_RANGE_LOOP_ANALYSIS = YES;
				CLANG_WARN_STRICT_PROTOTYPES = YES;
				CLANG_WARN_SUSPICIOUS_MOVE = YES;
				CLANG_WARN_UNGUARDED_AVAILABILITY = YES_AGGRESSIVE;
				CLANG_WARN_UNREACHABLE_CODE = YES;
				CLANG_WARN__DUPLICATE_METHOD_MATCH = YES;
				COPY_PHASE_STRIP = NO;
				DEBUG_INFORMATION_FORMAT = "dwarf-with-dsym";
				ENABLE_NS_ASSERTIONS = NO;
				ENABLE_STRICT_OBJC_MSGSEND = YES;
				GCC_C_LANGUAGE_STANDARD = gnu11;
				GCC_NO_COMMON_BLOCKS = YES;
				GCC_WARN_64_TO_32_BIT_CONVERSION = YES;
				GCC_WARN_ABOUT_RETURN_TYPE = YES_ERROR;
				GCC_WARN_UNDECLARED_SELECTOR = YES;
				GCC_WARN_UNINITIALIZED_AUTOS = YES_AGGRESSIVE;
				GCC_WARN_UNUSED_FUNCTION = YES;
				GCC_WARN_UNUSED_VARIABLE = YES;
				IPHONEOS_DEPLOYMENT_TARGET = 13.2;
				MTL_ENABLE_DEBUG_INFO = NO;
				MTL_FAST_MATH = YES;
				SDKROOT = iphoneos;
				SWIFT_COMPILATION_MODE = wholemodule;
				SWIFT_OPTIMIZATION_LEVEL = "-O";
				VALIDATE_PRODUCT = YES;
			};
			name = Release;
		};
		3CF5BAAB238ABA9100EDB746 /* Debug */ = {
			isa = XCBuildConfiguration;
			buildSettings = {
				ASSETCATALOG_COMPILER_APPICON_NAME = AppIcon;
				CODE_SIGN_STYLE = Automatic;
				DEVELOPMENT_TEAM = RQ826K28FT;
				INFOPLIST_FILE = "MikeTsyba-ITEA-Diplom/Info.plist";
				IPHONEOS_DEPLOYMENT_TARGET = 12.4;
				LD_RUNPATH_SEARCH_PATHS = (
					"$(inherited)",
					"@executable_path/Frameworks",
				);
				PRODUCT_BUNDLE_IDENTIFIER = "com.miketsyba.MikeTsyba-ITEA-Diplom";
				PRODUCT_NAME = ITEA;
				SWIFT_VERSION = 5.0;
				TARGETED_DEVICE_FAMILY = 1;
			};
			name = Debug;
		};
		3CF5BAAC238ABA9100EDB746 /* Release */ = {
			isa = XCBuildConfiguration;
			buildSettings = {
				ASSETCATALOG_COMPILER_APPICON_NAME = AppIcon;
				CODE_SIGN_STYLE = Automatic;
				DEVELOPMENT_TEAM = RQ826K28FT;
				INFOPLIST_FILE = "MikeTsyba-ITEA-Diplom/Info.plist";
				IPHONEOS_DEPLOYMENT_TARGET = 12.4;
				LD_RUNPATH_SEARCH_PATHS = (
					"$(inherited)",
					"@executable_path/Frameworks",
				);
				PRODUCT_BUNDLE_IDENTIFIER = "com.miketsyba.MikeTsyba-ITEA-Diplom";
				PRODUCT_NAME = ITEA;
				SWIFT_VERSION = 5.0;
				TARGETED_DEVICE_FAMILY = 1;
			};
			name = Release;
		};
/* End XCBuildConfiguration section */

/* Begin XCConfigurationList section */
		3CF5BA91238ABA8800EDB746 /* Build configuration list for PBXProject "MikeTsyba-ITEA-Diplom" */ = {
			isa = XCConfigurationList;
			buildConfigurations = (
				3CF5BAA8238ABA9100EDB746 /* Debug */,
				3CF5BAA9238ABA9100EDB746 /* Release */,
			);
			defaultConfigurationIsVisible = 0;
			defaultConfigurationName = Release;
		};
		3CF5BAAA238ABA9100EDB746 /* Build configuration list for PBXNativeTarget "MikeTsyba-ITEA-Diplom" */ = {
			isa = XCConfigurationList;
			buildConfigurations = (
				3CF5BAAB238ABA9100EDB746 /* Debug */,
				3CF5BAAC238ABA9100EDB746 /* Release */,
			);
			defaultConfigurationIsVisible = 0;
			defaultConfigurationName = Release;
		};
/* End XCConfigurationList section */
	};
	rootObject = 3CF5BA8E238ABA8800EDB746 /* Project object */;
}
